{
  "name": "dzpro",
  "version": "0.1.0",
  "lockfileVersion": 1,
  "requires": true,
  "dependencies": {
    "dat.gui": {
      "version": "0.7.5",
      "resolved": "https://registry.npmjs.org/dat.gui/-/dat.gui-0.7.5.tgz",
      "integrity": "sha512-o6RnHVUHigLqH4DwsZCbFLAQw8NMWS3GP9EL4M4oOWj7E4qGIyVopyOWzyAwCwtuaiB27hq9F0qkHSNfjsp+ZQ=="
    }
  }
}
